
Microsoft Visual Studio Solution File, Format Version 12.00
# Visual Studio Version 16
VisualStudioVersion = 16.0.29006.145
MinimumVisualStudioVersion = 10.0.40219.1
Project("{9A19103F-16F7-4668-BE54-9A1E7A4F7556}") = "SlimTreeNode", "SlimTreeNode\SlimTreeNode.csproj", "{017FB046-DF23-4229-ABA5-1EB7776BFB22}"
EndProject
Project("{9A19103F-16F7-4668-BE54-9A1E7A4F7556}") = "Utils", "Utils\Utils.csproj", "{7F41E265-7F23-4AD3-9993-B72CA0A36792}"
EndProject
Project("{9A19103F-16F7-4668-BE54-9A1E7A4F7556}") = "sMap", "sMap\sMap.csproj", "{7E5EE07B-6229-41BC-ABDB-89AEA16B355A}"
EndProject
Project("{9A19103F-16F7-4668-BE54-9A1E7A4F7556}") = "Plot-sMap", "Plot-sMap\Plot-sMap.csproj", "{3C2E40F2-F15F-49EF-98C9-931253826CAA}"
EndProject
Project("{9A19103F-16F7-4668-BE54-9A1E7A4F7556}") = "NodeInfo", "NodeInfo\NodeInfo.csproj", "{CC31E347-F25C-4244-86A7-8514DC445197}"
EndProject
Project("{9A19103F-16F7-4668-BE54-9A1E7A4F7556}") = "ChainMonitor", "ChainMonitor\ChainMonitor.csproj", "{4AEA20FF-4659-45E0-9212-2BA69B321328}"
EndProject
Project("{9A19103F-16F7-4668-BE54-9A1E7A4F7556}") = "Blend-sMap", "Blend-sMap\Blend-sMap.csproj", "{23F5FEE1-A322-4474-B9F9-8E6D7CB53AEB}"
EndProject
Project("{9A19103F-16F7-4668-BE54-9A1E7A4F7556}") = "sMap-GUI", "sMap-GUI\sMap-GUI.csproj", "{2B54E832-6664-441F-B045-1CCD55DA6BC6}"
	ProjectSection(ProjectDependencies) = postProject
		{7E5EE07B-6229-41BC-ABDB-89AEA16B355A} = {7E5EE07B-6229-41BC-ABDB-89AEA16B355A}
	EndProjectSection
EndProject
Project("{9A19103F-16F7-4668-BE54-9A1E7A4F7556}") = "Merge-sMap", "Merge-sMap\Merge-sMap.csproj", "{72F5ACB8-9B0E-4727-94BD-D3F62954721C}"
EndProject
Project("{9A19103F-16F7-4668-BE54-9A1E7A4F7556}") = "Stat-sMap", "Stat-sMap\Stat-sMap.csproj", "{66C0B3FC-A2D9-472E-996B-8D933554A6EB}"
EndProject
Project("{9A19103F-16F7-4668-BE54-9A1E7A4F7556}") = "Script-sMap", "Script-sMap\Script-sMap.csproj", "{93880DFF-96FF-4398-9C0E-0577A2261FD4}"
EndProject
Global
	GlobalSection(SolutionConfigurationPlatforms) = preSolution
		Debug|Any CPU = Debug|Any CPU
		Debug|x64 = Debug|x64
		Debug|x86 = Debug|x86
		Release|Any CPU = Release|Any CPU
		Release|x64 = Release|x64
		Release|x86 = Release|x86
	EndGlobalSection
	GlobalSection(ProjectConfigurationPlatforms) = postSolution
		{017FB046-DF23-4229-ABA5-1EB7776BFB22}.Debug|Any CPU.ActiveCfg = Debug|Any CPU
		{017FB046-DF23-4229-ABA5-1EB7776BFB22}.Debug|Any CPU.Build.0 = Debug|Any CPU
		{017FB046-DF23-4229-ABA5-1EB7776BFB22}.Debug|x64.ActiveCfg = Debug|Any CPU
		{017FB046-DF23-4229-ABA5-1EB7776BFB22}.Debug|x64.Build.0 = Debug|Any CPU
		{017FB046-DF23-4229-ABA5-1EB7776BFB22}.Debug|x86.ActiveCfg = Debug|Any CPU
		{017FB046-DF23-4229-ABA5-1EB7776BFB22}.Debug|x86.Build.0 = Debug|Any CPU
		{017FB046-DF23-4229-ABA5-1EB7776BFB22}.Release|Any CPU.ActiveCfg = Release|Any CPU
		{017FB046-DF23-4229-ABA5-1EB7776BFB22}.Release|Any CPU.Build.0 = Release|Any CPU
		{017FB046-DF23-4229-ABA5-1EB7776BFB22}.Release|x64.ActiveCfg = Release|Any CPU
		{017FB046-DF23-4229-ABA5-1EB7776BFB22}.Release|x64.Build.0 = Release|Any CPU
		{017FB046-DF23-4229-ABA5-1EB7776BFB22}.Release|x86.ActiveCfg = Release|Any CPU
		{017FB046-DF23-4229-ABA5-1EB7776BFB22}.Release|x86.Build.0 = Release|Any CPU
		{7F41E265-7F23-4AD3-9993-B72CA0A36792}.Debug|Any CPU.ActiveCfg = Debug|Any CPU
		{7F41E265-7F23-4AD3-9993-B72CA0A36792}.Debug|Any CPU.Build.0 = Debug|Any CPU
		{7F41E265-7F23-4AD3-9993-B72CA0A36792}.Debug|x64.ActiveCfg = Debug|Any CPU
		{7F41E265-7F23-4AD3-9993-B72CA0A36792}.Debug|x64.Build.0 = Debug|Any CPU
		{7F41E265-7F23-4AD3-9993-B72CA0A36792}.Debug|x86.ActiveCfg = Debug|Any CPU
		{7F41E265-7F23-4AD3-9993-B72CA0A36792}.Debug|x86.Build.0 = Debug|Any CPU
		{7F41E265-7F23-4AD3-9993-B72CA0A36792}.Release|Any CPU.ActiveCfg = Release|Any CPU
		{7F41E265-7F23-4AD3-9993-B72CA0A36792}.Release|Any CPU.Build.0 = Release|Any CPU
		{7F41E265-7F23-4AD3-9993-B72CA0A36792}.Release|x64.ActiveCfg = Release|Any CPU
		{7F41E265-7F23-4AD3-9993-B72CA0A36792}.Release|x64.Build.0 = Release|Any CPU
		{7F41E265-7F23-4AD3-9993-B72CA0A36792}.Release|x86.ActiveCfg = Release|Any CPU
		{7F41E265-7F23-4AD3-9993-B72CA0A36792}.Release|x86.Build.0 = Release|Any CPU
		{7E5EE07B-6229-41BC-ABDB-89AEA16B355A}.Debug|Any CPU.ActiveCfg = Debug|Any CPU
		{7E5EE07B-6229-41BC-ABDB-89AEA16B355A}.Debug|Any CPU.Build.0 = Debug|Any CPU
		{7E5EE07B-6229-41BC-ABDB-89AEA16B355A}.Debug|x64.ActiveCfg = Debug|Any CPU
		{7E5EE07B-6229-41BC-ABDB-89AEA16B355A}.Debug|x64.Build.0 = Debug|Any CPU
		{7E5EE07B-6229-41BC-ABDB-89AEA16B355A}.Debug|x86.ActiveCfg = Debug|Any CPU
		{7E5EE07B-6229-41BC-ABDB-89AEA16B355A}.Debug|x86.Build.0 = Debug|Any CPU
		{7E5EE07B-6229-41BC-ABDB-89AEA16B355A}.Release|Any CPU.ActiveCfg = Release|Any CPU
		{7E5EE07B-6229-41BC-ABDB-89AEA16B355A}.Release|Any CPU.Build.0 = Release|Any CPU
		{7E5EE07B-6229-41BC-ABDB-89AEA16B355A}.Release|x64.ActiveCfg = Release|Any CPU
		{7E5EE07B-6229-41BC-ABDB-89AEA16B355A}.Release|x64.Build.0 = Release|Any CPU
		{7E5EE07B-6229-41BC-ABDB-89AEA16B355A}.Release|x86.ActiveCfg = Release|Any CPU
		{7E5EE07B-6229-41BC-ABDB-89AEA16B355A}.Release|x86.Build.0 = Release|Any CPU
		{3C2E40F2-F15F-49EF-98C9-931253826CAA}.Debug|Any CPU.ActiveCfg = Debug|Any CPU
		{3C2E40F2-F15F-49EF-98C9-931253826CAA}.Debug|Any CPU.Build.0 = Debug|Any CPU
		{3C2E40F2-F15F-49EF-98C9-931253826CAA}.Debug|x64.ActiveCfg = Debug|Any CPU
		{3C2E40F2-F15F-49EF-98C9-931253826CAA}.Debug|x64.Build.0 = Debug|Any CPU
		{3C2E40F2-F15F-49EF-98C9-931253826CAA}.Debug|x86.ActiveCfg = Debug|Any CPU
		{3C2E40F2-F15F-49EF-98C9-931253826CAA}.Debug|x86.Build.0 = Debug|Any CPU
		{3C2E40F2-F15F-49EF-98C9-931253826CAA}.Release|Any CPU.ActiveCfg = Release|Any CPU
		{3C2E40F2-F15F-49EF-98C9-931253826CAA}.Release|Any CPU.Build.0 = Release|Any CPU
		{3C2E40F2-F15F-49EF-98C9-931253826CAA}.Release|x64.ActiveCfg = Release|Any CPU
		{3C2E40F2-F15F-49EF-98C9-931253826CAA}.Release|x64.Build.0 = Release|Any CPU
		{3C2E40F2-F15F-49EF-98C9-931253826CAA}.Release|x86.ActiveCfg = Release|Any CPU
		{3C2E40F2-F15F-49EF-98C9-931253826CAA}.Release|x86.Build.0 = Release|Any CPU
		{CC31E347-F25C-4244-86A7-8514DC445197}.Debug|Any CPU.ActiveCfg = Debug|Any CPU
		{CC31E347-F25C-4244-86A7-8514DC445197}.Debug|Any CPU.Build.0 = Debug|Any CPU
		{CC31E347-F25C-4244-86A7-8514DC445197}.Debug|x64.ActiveCfg = Debug|Any CPU
		{CC31E347-F25C-4244-86A7-8514DC445197}.Debug|x64.Build.0 = Debug|Any CPU
		{CC31E347-F25C-4244-86A7-8514DC445197}.Debug|x86.ActiveCfg = Debug|Any CPU
		{CC31E347-F25C-4244-86A7-8514DC445197}.Debug|x86.Build.0 = Debug|Any CPU
		{CC31E347-F25C-4244-86A7-8514DC445197}.Release|Any CPU.ActiveCfg = Release|Any CPU
		{CC31E347-F25C-4244-86A7-8514DC445197}.Release|Any CPU.Build.0 = Release|Any CPU
		{CC31E347-F25C-4244-86A7-8514DC445197}.Release|x64.ActiveCfg = Release|Any CPU
		{CC31E347-F25C-4244-86A7-8514DC445197}.Release|x64.Build.0 = Release|Any CPU
		{CC31E347-F25C-4244-86A7-8514DC445197}.Release|x86.ActiveCfg = Release|Any CPU
		{CC31E347-F25C-4244-86A7-8514DC445197}.Release|x86.Build.0 = Release|Any CPU
		{4AEA20FF-4659-45E0-9212-2BA69B321328}.Debug|Any CPU.ActiveCfg = Debug|Any CPU
		{4AEA20FF-4659-45E0-9212-2BA69B321328}.Debug|Any CPU.Build.0 = Debug|Any CPU
		{4AEA20FF-4659-45E0-9212-2BA69B321328}.Debug|x64.ActiveCfg = Debug|Any CPU
		{4AEA20FF-4659-45E0-9212-2BA69B321328}.Debug|x64.Build.0 = Debug|Any CPU
		{4AEA20FF-4659-45E0-9212-2BA69B321328}.Debug|x86.ActiveCfg = Debug|Any CPU
		{4AEA20FF-4659-45E0-9212-2BA69B321328}.Debug|x86.Build.0 = Debug|Any CPU
		{4AEA20FF-4659-45E0-9212-2BA69B321328}.Release|Any CPU.ActiveCfg = Release|Any CPU
		{4AEA20FF-4659-45E0-9212-2BA69B321328}.Release|Any CPU.Build.0 = Release|Any CPU
		{4AEA20FF-4659-45E0-9212-2BA69B321328}.Release|x64.ActiveCfg = Release|Any CPU
		{4AEA20FF-4659-45E0-9212-2BA69B321328}.Release|x64.Build.0 = Release|Any CPU
		{4AEA20FF-4659-45E0-9212-2BA69B321328}.Release|x86.ActiveCfg = Release|Any CPU
		{4AEA20FF-4659-45E0-9212-2BA69B321328}.Release|x86.Build.0 = Release|Any CPU
		{23F5FEE1-A322-4474-B9F9-8E6D7CB53AEB}.Debug|Any CPU.ActiveCfg = Debug|Any CPU
		{23F5FEE1-A322-4474-B9F9-8E6D7CB53AEB}.Debug|Any CPU.Build.0 = Debug|Any CPU
		{23F5FEE1-A322-4474-B9F9-8E6D7CB53AEB}.Debug|x64.ActiveCfg = Debug|Any CPU
		{23F5FEE1-A322-4474-B9F9-8E6D7CB53AEB}.Debug|x64.Build.0 = Debug|Any CPU
		{23F5FEE1-A322-4474-B9F9-8E6D7CB53AEB}.Debug|x86.ActiveCfg = Debug|Any CPU
		{23F5FEE1-A322-4474-B9F9-8E6D7CB53AEB}.Debug|x86.Build.0 = Debug|Any CPU
		{23F5FEE1-A322-4474-B9F9-8E6D7CB53AEB}.Release|Any CPU.ActiveCfg = Release|Any CPU
		{23F5FEE1-A322-4474-B9F9-8E6D7CB53AEB}.Release|Any CPU.Build.0 = Release|Any CPU
		{23F5FEE1-A322-4474-B9F9-8E6D7CB53AEB}.Release|x64.ActiveCfg = Release|Any CPU
		{23F5FEE1-A322-4474-B9F9-8E6D7CB53AEB}.Release|x64.Build.0 = Release|Any CPU
		{23F5FEE1-A322-4474-B9F9-8E6D7CB53AEB}.Release|x86.ActiveCfg = Release|Any CPU
		{23F5FEE1-A322-4474-B9F9-8E6D7CB53AEB}.Release|x86.Build.0 = Release|Any CPU
		{2B54E832-6664-441F-B045-1CCD55DA6BC6}.Debug|Any CPU.ActiveCfg = Debug|Any CPU
		{2B54E832-6664-441F-B045-1CCD55DA6BC6}.Debug|Any CPU.Build.0 = Debug|Any CPU
		{2B54E832-6664-441F-B045-1CCD55DA6BC6}.Debug|x64.ActiveCfg = Debug|Any CPU
		{2B54E832-6664-441F-B045-1CCD55DA6BC6}.Debug|x64.Build.0 = Debug|Any CPU
		{2B54E832-6664-441F-B045-1CCD55DA6BC6}.Debug|x86.ActiveCfg = Debug|Any CPU
		{2B54E832-6664-441F-B045-1CCD55DA6BC6}.Debug|x86.Build.0 = Debug|Any CPU
		{2B54E832-6664-441F-B045-1CCD55DA6BC6}.Release|Any CPU.ActiveCfg = Release|Any CPU
		{2B54E832-6664-441F-B045-1CCD55DA6BC6}.Release|Any CPU.Build.0 = Release|Any CPU
		{2B54E832-6664-441F-B045-1CCD55DA6BC6}.Release|x64.ActiveCfg = Release|Any CPU
		{2B54E832-6664-441F-B045-1CCD55DA6BC6}.Release|x64.Build.0 = Release|Any CPU
		{2B54E832-6664-441F-B045-1CCD55DA6BC6}.Release|x86.ActiveCfg = Release|Any CPU
		{2B54E832-6664-441F-B045-1CCD55DA6BC6}.Release|x86.Build.0 = Release|Any CPU
		{72F5ACB8-9B0E-4727-94BD-D3F62954721C}.Debug|Any CPU.ActiveCfg = Debug|Any CPU
		{72F5ACB8-9B0E-4727-94BD-D3F62954721C}.Debug|Any CPU.Build.0 = Debug|Any CPU
		{72F5ACB8-9B0E-4727-94BD-D3F62954721C}.Debug|x64.ActiveCfg = Debug|Any CPU
		{72F5ACB8-9B0E-4727-94BD-D3F62954721C}.Debug|x64.Build.0 = Debug|Any CPU
		{72F5ACB8-9B0E-4727-94BD-D3F62954721C}.Debug|x86.ActiveCfg = Debug|Any CPU
		{72F5ACB8-9B0E-4727-94BD-D3F62954721C}.Debug|x86.Build.0 = Debug|Any CPU
		{72F5ACB8-9B0E-4727-94BD-D3F62954721C}.Release|Any CPU.ActiveCfg = Release|Any CPU
		{72F5ACB8-9B0E-4727-94BD-D3F62954721C}.Release|Any CPU.Build.0 = Release|Any CPU
		{72F5ACB8-9B0E-4727-94BD-D3F62954721C}.Release|x64.ActiveCfg = Release|Any CPU
		{72F5ACB8-9B0E-4727-94BD-D3F62954721C}.Release|x64.Build.0 = Release|Any CPU
		{72F5ACB8-9B0E-4727-94BD-D3F62954721C}.Release|x86.ActiveCfg = Release|Any CPU
		{72F5ACB8-9B0E-4727-94BD-D3F62954721C}.Release|x86.Build.0 = Release|Any CPU
		{66C0B3FC-A2D9-472E-996B-8D933554A6EB}.Debug|Any CPU.ActiveCfg = Debug|Any CPU
		{66C0B3FC-A2D9-472E-996B-8D933554A6EB}.Debug|Any CPU.Build.0 = Debug|Any CPU
		{66C0B3FC-A2D9-472E-996B-8D933554A6EB}.Debug|x64.ActiveCfg = Debug|Any CPU
		{66C0B3FC-A2D9-472E-996B-8D933554A6EB}.Debug|x64.Build.0 = Debug|Any CPU
		{66C0B3FC-A2D9-472E-996B-8D933554A6EB}.Debug|x86.ActiveCfg = Debug|Any CPU
		{66C0B3FC-A2D9-472E-996B-8D933554A6EB}.Debug|x86.Build.0 = Debug|Any CPU
		{66C0B3FC-A2D9-472E-996B-8D933554A6EB}.Release|Any CPU.ActiveCfg = Release|Any CPU
		{66C0B3FC-A2D9-472E-996B-8D933554A6EB}.Release|Any CPU.Build.0 = Release|Any CPU
		{66C0B3FC-A2D9-472E-996B-8D933554A6EB}.Release|x64.ActiveCfg = Release|Any CPU
		{66C0B3FC-A2D9-472E-996B-8D933554A6EB}.Release|x64.Build.0 = Release|Any CPU
		{66C0B3FC-A2D9-472E-996B-8D933554A6EB}.Release|x86.ActiveCfg = Release|Any CPU
		{66C0B3FC-A2D9-472E-996B-8D933554A6EB}.Release|x86.Build.0 = Release|Any CPU
		{93880DFF-96FF-4398-9C0E-0577A2261FD4}.Debug|Any CPU.ActiveCfg = Debug|Any CPU
		{93880DFF-96FF-4398-9C0E-0577A2261FD4}.Debug|Any CPU.Build.0 = Debug|Any CPU
		{93880DFF-96FF-4398-9C0E-0577A2261FD4}.Debug|x64.ActiveCfg = Debug|Any CPU
		{93880DFF-96FF-4398-9C0E-0577A2261FD4}.Debug|x64.Build.0 = Debug|Any CPU
		{93880DFF-96FF-4398-9C0E-0577A2261FD4}.Debug|x86.ActiveCfg = Debug|Any CPU
		{93880DFF-96FF-4398-9C0E-0577A2261FD4}.Debug|x86.Build.0 = Debug|Any CPU
		{93880DFF-96FF-4398-9C0E-0577A2261FD4}.Release|Any CPU.ActiveCfg = Release|Any CPU
		{93880DFF-96FF-4398-9C0E-0577A2261FD4}.Release|Any CPU.Build.0 = Release|Any CPU
		{93880DFF-96FF-4398-9C0E-0577A2261FD4}.Release|x64.ActiveCfg = Release|Any CPU
		{93880DFF-96FF-4398-9C0E-0577A2261FD4}.Release|x64.Build.0 = Release|Any CPU
		{93880DFF-96FF-4398-9C0E-0577A2261FD4}.Release|x86.ActiveCfg = Release|Any CPU
		{93880DFF-96FF-4398-9C0E-0577A2261FD4}.Release|x86.Build.0 = Release|Any CPU
	EndGlobalSection
	GlobalSection(SolutionProperties) = preSolution
		HideSolutionNode = FALSE
	EndGlobalSection
	GlobalSection(ExtensibilityGlobals) = postSolution
		SolutionGuid = {01C206F3-57C5-40BB-970F-963C8ACB945A}
	EndGlobalSection
EndGlobal
